
Microsoft Visual Studio Solution File, Format Version 12.00
# Visual Studio Version 16
VisualStudioVersion = 16.0.31424.327
MinimumVisualStudioVersion = 10.0.40219.1
Project("{F184B08F-C81C-45F6-A57F-5ABD9991F28F}") = "SiCommand", "SiCommand.vbproj", "{D0C01FDB-717A-4F0B-8C26-E9AACAD9F4E7}"
EndProject
Global
	GlobalSection(SolutionConfigurationPlatforms) = preSolution
		Debug|Any CPU = Debug|Any CPU
		Release|Any CPU = Release|Any CPU
	EndGlobalSection
	GlobalSection(ProjectConfigurationPlatforms) = postSolution
		{D0C01FDB-717A-4F0B-8C26-E9AACAD9F4E7}.Debug|Any CPU.ActiveCfg = Debug|Any CPU
		{D0C01FDB-717A-4F0B-8C26-E9AACAD9F4E7}.Debug|Any CPU.Build.0 = Debug|Any CPU
		{D0C01FDB-717A-4F0B-8C26-E9AACAD9F4E7}.Release|Any CPU.ActiveCfg = Release|Any CPU
		{D0C01FDB-717A-4F0B-8C26-E9AACAD9F4E7}.Release|Any CPU.Build.0 = Release|Any CPU
	EndGlobalSection
	GlobalSection(SolutionProperties) = preSolution
		HideSolutionNode = FALSE
	EndGlobalSection
	GlobalSection(ExtensibilityGlobals) = postSolution
		SolutionGuid = {F523EF80-236B-41B0-8535-090598930A59}
	EndGlobalSection
EndGlobal
